
Microsoft Visual Studio Solution File, Format Version 12.00
# Visual Studio Version 16
VisualStudioVersion = 16.0.809.0
MinimumVisualStudioVersion = 10.0.40219.1
Project("{FAE04EC0-301F-11D3-BF4B-00C04F79EFBC}") = "Assembly-CSharp", "Assembly-CSharp.csproj", "{5043F9E5-900F-1509-1E32-E5380F4780DB}"
EndProject
Global
	GlobalSection(SolutionConfigurationPlatforms) = preSolution
		Debug|Any CPU = Debug|Any CPU
		Release|Any CPU = Release|Any CPU
	EndGlobalSection
	GlobalSection(ProjectConfigurationPlatforms) = postSolution
		{5043F9E5-900F-1509-1E32-E5380F4780DB}.Debug|Any CPU.ActiveCfg = Debug|Any CPU
		{5043F9E5-900F-1509-1E32-E5380F4780DB}.Debug|Any CPU.Build.0 = Debug|Any CPU
		{5043F9E5-900F-1509-1E32-E5380F4780DB}.Release|Any CPU.ActiveCfg = Release|Any CPU
		{5043F9E5-900F-1509-1E32-E5380F4780DB}.Release|Any CPU.Build.0 = Release|Any CPU
	EndGlobalSection
	GlobalSection(SolutionProperties) = preSolution
		HideSolutionNode = FALSE
	EndGlobalSection
	GlobalSection(ExtensibilityGlobals) = postSolution
		SolutionGuid = {36AF7537-7A1B-4F62-9F4F-749E5F46D4A6}
	EndGlobalSection
EndGlobal
