
Microsoft Visual Studio Solution File, Format Version 12.00
# Visual Studio 15
Project("{FAE04EC0-301F-11D3-BF4B-00C04F79EFBC}") = "Assembly-CSharp", "Assembly-CSharp.csproj", "{5043F9E5-900F-1509-1E32-E5380F4780DB}"
EndProject
Project("{FAE04EC0-301F-11D3-BF4B-00C04F79EFBC}") = "Assembly-CSharp-Editor", "Assembly-CSharp-Editor.csproj", "{2B2F06A3-72DF-E3A4-A9A4-68FEDB21F8BB}"
EndProject
Global
	GlobalSection(SolutionConfigurationPlatforms) = preSolution
		Debug|Any CPU = Debug|Any CPU
		Release|Any CPU = Release|Any CPU
	EndGlobalSection
	GlobalSection(ProjectConfigurationPlatforms) = postSolution
		{5043F9E5-900F-1509-1E32-E5380F4780DB}.Debug|Any CPU.ActiveCfg = Debug|Any CPU
		{5043F9E5-900F-1509-1E32-E5380F4780DB}.Debug|Any CPU.Build.0 = Debug|Any CPU
		{5043F9E5-900F-1509-1E32-E5380F4780DB}.Release|Any CPU.ActiveCfg = Release|Any CPU
		{5043F9E5-900F-1509-1E32-E5380F4780DB}.Release|Any CPU.Build.0 = Release|Any CPU
		{2B2F06A3-72DF-E3A4-A9A4-68FEDB21F8BB}.Debug|Any CPU.ActiveCfg = Debug|Any CPU
		{2B2F06A3-72DF-E3A4-A9A4-68FEDB21F8BB}.Debug|Any CPU.Build.0 = Debug|Any CPU
		{2B2F06A3-72DF-E3A4-A9A4-68FEDB21F8BB}.Release|Any CPU.ActiveCfg = Release|Any CPU
		{2B2F06A3-72DF-E3A4-A9A4-68FEDB21F8BB}.Release|Any CPU.Build.0 = Release|Any CPU
	EndGlobalSection
	GlobalSection(SolutionProperties) = preSolution
		HideSolutionNode = FALSE
	EndGlobalSection
EndGlobal
